// !$*UTF8*$!
{
	archiveVersion = 1;
	classes = {
	};
	objectVersion = 46;
	objects = {

/* Begin PBXBuildFile section */
		F60EAF971CADEC2900E9168A /* AppDelegate.swift in Sources */ = {isa = PBXBuildFile; fileRef = F60EAF961CADEC2900E9168A /* AppDelegate.swift */; };
		F60EAF991CADEC2900E9168A /* CollectionViewController.swift in Sources */ = {isa = PBXBuildFile; fileRef = F60EAF981CADEC2900E9168A /* CollectionViewController.swift */; };
		F60EAF9C1CADEC2900E9168A /* Main.storyboard in Resources */ = {isa = PBXBuildFile; fileRef = F60EAF9A1CADEC2900E9168A /* Main.storyboard */; };
		F60EAF9E1CADEC2900E9168A /* Assets.xcassets in Resources */ = {isa = PBXBuildFile; fileRef = F60EAF9D1CADEC2900E9168A /* Assets.xcassets */; };
		F60EAFA11CADEC2900E9168A /* LaunchScreen.storyboard in Resources */ = {isa = PBXBuildFile; fileRef = F60EAF9F1CADEC2900E9168A /* LaunchScreen.storyboard */; };
		F60EAFA91CADF09700E9168A /* Cell.swift in Sources */ = {isa = PBXBuildFile; fileRef = F60EAFA81CADF09700E9168A /* Cell.swift */; };
		F60EAFAB1CAE503D00E9168A /* DetailViewController.swift in Sources */ = {isa = PBXBuildFile; fileRef = F60EAFAA1CAE503D00E9168A /* DetailViewController.swift */; };
/* End PBXBuildFile section */

/* Begin PBXFileReference section */
		F60EAF931CADEC2900E9168A /* CollViewSimpleSwift.app */ = {isa = PBXFileReference; explicitFileType = wrapper.application; includeInIndex = 0; path = CollViewSimpleSwift.app; sourceTree = BUILT_PRODUCTS_DIR; };
		F60EAF961CADEC2900E9168A /* AppDelegate.swift */ = {isa = PBXFileReference; lastKnownFileType = sourcecode.swift; path = AppDelegate.swift; sourceTree = "<group>"; };
		F60EAF981CADEC2900E9168A /* CollectionViewController.swift */ = {isa = PBXFileReference; lastKnownFileType = sourcecode.swift; path = CollectionViewController.swift; sourceTree = "<group>"; };
		F60EAF9B1CADEC2900E9168A /* Base */ = {isa = PBXFileReference; lastKnownFileType = file.storyboard; name = Base; path = Base.lproj/Main.storyboard; sourceTree = "<group>"; };
		F60EAF9D1CADEC2900E9168A /* Assets.xcassets */ = {isa = PBXFileReference; lastKnownFileType = folder.assetcatalog; path = Assets.xcassets; sourceTree = "<group>"; };
		F60EAFA01CADEC2900E9168A /* Base */ = {isa = PBXFileReference; lastKnownFileType = file.storyboard; name = Base; path = Base.lproj/LaunchScreen.storyboard; sourceTree = "<group>"; };
		F60EAFA21CADEC2900E9168A /* Info.plist */ = {isa = PBXFileReference; lastKnownFileType = text.plist.xml; path = Info.plist; sourceTree = "<group>"; };
		F60EAFA81CADF09700E9168A /* Cell.swift */ = {isa = PBXFileReference; fileEncoding = 4; lastKnownFileType = sourcecode.swift; path = Cell.swift; sourceTree = "<group>"; };
		F60EAFAA1CAE503D00E9168A /* DetailViewController.swift */ = {isa = PBXFileReference; fileEncoding = 4; lastKnownFileType = sourcecode.swift; path = DetailViewController.swift; sourceTree = "<group>"; };
/* End PBXFileReference section */

/* Begin PBXFrameworksBuildPhase section */
		F60EAF901CADEC2900E9168A /* Frameworks */ = {
			isa = PBXFrameworksBuildPhase;
			buildActionMask = 2147483647;
			files = (
			);
			runOnlyForDeploymentPostprocessing = 0;
		};
/* End PBXFrameworksBuildPhase section */

/* Begin PBXGroup section */
		F60EAF8A1CADEC2900E9168A = {
			isa = PBXGroup;
			children = (
				F60EAF951CADEC2900E9168A /* CollViewSimpleSwift */,
				F60EAF941CADEC2900E9168A /* Products */,
			);
			sourceTree = "<group>";
		};
		F60EAF941CADEC2900E9168A /* Products */ = {
			isa = PBXGroup;
			children = (
				F60EAF931CADEC2900E9168A /* CollViewSimpleSwift.app */,
			);
			name = Products;
			sourceTree = "<group>";
		};
		F60EAF951CADEC2900E9168A /* CollViewSimpleSwift */ = {
			isa = PBXGroup;
			children = (
				F60EAF961CADEC2900E9168A /* AppDelegate.swift */,
				F60EAF981CADEC2900E9168A /* CollectionViewController.swift */,
				F60EAF9A1CADEC2900E9168A /* Main.storyboard */,
				F60EAF9D1CADEC2900E9168A /* Assets.xcassets */,
				F60EAF9F1CADEC2900E9168A /* LaunchScreen.storyboard */,
				F60EAFA21CADEC2900E9168A /* Info.plist */,
				F60EAFA81CADF09700E9168A /* Cell.swift */,
				F60EAFAA1CAE503D00E9168A /* DetailViewController.swift */,
			);
			path = CollViewSimpleSwift;
			sourceTree = "<group>";
		};
/* End PBXGroup section */

/* Begin PBXNativeTarget section */
		F60EAF921CADEC2900E9168A /* CollViewSimpleSwift */ = {
			isa = PBXNativeTarget;
			buildConfigurationList = F60EAFA51CADEC2900E9168A /* Build configuration list for PBXNativeTarget "CollViewSimpleSwift" */;
			buildPhases = (
				F60EAF8F1CADEC2900E9168A /* Sources */,
				F60EAF901CADEC2900E9168A /* Frameworks */,
				F60EAF911CADEC2900E9168A /* Resources */,
			);
			buildRules = (
			);
			dependencies = (
			);
			name = CollViewSimpleSwift;
			productName = CollViewSimpleSwift;
			productReference = F60EAF931CADEC2900E9168A /* CollViewSimpleSwift.app */;
			productType = "com.apple.product-type.application";
		};
/* End PBXNativeTarget section */

/* Begin PBXProject section */
		F60EAF8B1CADEC2900E9168A /* Project object */ = {
			isa = PBXProject;
			attributes = {
				LastSwiftUpdateCheck = 0730;
				LastUpgradeCheck = 0800;
				ORGANIZATIONNAME = Chuckmoji;
				TargetAttributes = {
					F60EAF921CADEC2900E9168A = {
						CreatedOnToolsVersion = 7.3;
						DevelopmentTeam = 99LSER4J28;
						LastSwiftMigration = 0800;
					};
				};
			};
			buildConfigurationList = F60EAF8E1CADEC2900E9168A /* Build configuration list for PBXProject "CollViewSimpleSwift" */;
			compatibilityVersion = "Xcode 3.2";
			developmentRegion = English;
			hasScannedForEncodings = 0;
			knownRegions = (
				en,
				Base,
			);
			mainGroup = F60EAF8A1CADEC2900E9168A;
			productRefGroup = F60EAF941CADEC2900E9168A /* Products */;
			projectDirPath = "";
			projectRoot = "";
			targets = (
				F60EAF921CADEC2900E9168A /* CollViewSimpleSwift */,
			);
		};
/* End PBXProject section */

/* Begin PBXResourcesBuildPhase section */
		F60EAF911CADEC2900E9168A /* Resources */ = {
			isa = PBXResourcesBuildPhase;
			buildActionMask = 2147483647;
			files = (
				F60EAFA11CADEC2900E9168A /* LaunchScreen.storyboard in Resources */,
				F60EAF9E1CADEC2900E9168A /* Assets.xcassets in Resources */,
				F60EAF9C1CADEC2900E9168A /* Main.storyboard in Resources */,
			);
			runOnlyForDeploymentPostprocessing = 0;
		};
/* End PBXResourcesBuildPhase section */

/* Begin PBXSourcesBuildPhase section */
		F60EAF8F1CADEC2900E9168A /* Sources */ = {
			isa = PBXSourcesBuildPhase;
			buildActionMask = 2147483647;
			files = (
				F60EAF991CADEC2900E9168A /* CollectionViewController.swift in Sources */,
				F60EAF971CADEC2900E9168A /* AppDelegate.swift in Sources */,
				F60EAFA91CADF09700E9168A /* Cell.swift in Sources */,
				F60EAFAB1CAE503D00E9168A /* DetailViewController.swift in Sources */,
			);
			runOnlyForDeploymentPostprocessing = 0;
		};
/* End PBXSourcesBuildPhase section */

/* Begin PBXVariantGroup section */
		F60EAF9A1CADEC2900E9168A /* Main.storyboard */ = {
			isa = PBXVariantGroup;
			children = (
				F60EAF9B1CADEC2900E9168A /* Base */,
			);
			name = Main.storyboard;
			sourceTree = "<group>";
		};
		F60EAF9F1CADEC2900E9168A /* LaunchScreen.storyboard */ = {
			isa = PBXVariantGroup;
			children = (
				F60EAFA01CADEC2900E9168A /* Base */,
			);
			name = LaunchScreen.storyboard;
			sourceTree = "<group>";
		};
/* End PBXVariantGroup section */

/* Begin XCBuildConfiguration section */
		F60EAFA31CADEC2900E9168A /* Debug */ = {
			isa = XCBuildConfiguration;
			buildSettings = {
				ALWAYS_SEARCH_USER_PATHS = NO;
				CLANG_ANALYZER_NONNULL = YES;
				CLANG_CXX_LANGUAGE_STANDARD = "gnu++0x";
				CLANG_CXX_LIBRARY = "libc++";
				CLANG_ENABLE_MODULES = YES;
				CLANG_ENABLE_OBJC_ARC = YES;
				CLANG_WARN_BOOL_CONVERSION = YES;
				CLANG_WARN_CONSTANT_CONVERSION = YES;
				CLANG_WARN_DIRECT_OBJC_ISA_USAGE = YES_ERROR;
				CLANG_WARN_EMPTY_BODY = YES;
				CLANG_WARN_ENUM_CONVERSION = YES;
				CLANG_WARN_INFINITE_RECURSION = YES;
				CLANG_WARN_INT_CONVERSION = YES;
				CLANG_WARN_OBJC_ROOT_CLASS = YES_ERROR;
				CLANG_WARN_SUSPICIOUS_MOVE = YES;
				CLANG_WARN_UNREACHABLE_CODE = YES;
				CLANG_WARN__DUPLICATE_METHOD_MATCH = YES;
				"CODE_SIGN_IDENTITY[sdk=iphoneos*]" = "iPhone Developer";
				COPY_PHASE_STRIP = NO;
				DEBUG_INFORMATION_FORMAT = dwarf;
				ENABLE_STRICT_OBJC_MSGSEND = YES;
				ENABLE_TESTABILITY = YES;
				GCC_C_LANGUAGE_STANDARD = gnu99;
				GCC_DYNAMIC_NO_PIC = NO;
				GCC_NO_COMMON_BLOCKS = YES;
				GCC_OPTIMIZATION_LEVEL = 0;
				GCC_PREPROCESSOR_DEFINITIONS = (
					"DEBUG=1",
					"$(inherited)",
				);
				GCC_WARN_64_TO_32_BIT_CONVERSION = YES;
				GCC_WARN_ABOUT_RETURN_TYPE = YES_ERROR;
				GCC_WARN_UNDECLARED_SELECTOR = YES;
				GCC_WARN_UNINITIALIZED_AUTOS = YES_AGGRESSIVE;
				GCC_WARN_UNUSED_FUNCTION = YES;
				GCC_WARN_UNUSED_VARIABLE = YES;
				IPHONEOS_DEPLOYMENT_TARGET = 9.3;
				MTL_ENABLE_DEBUG_INFO = YES;
				ONLY_ACTIVE_ARCH = YES;
				SDKROOT = iphoneos;
				SWIFT_OPTIMIZATION_LEVEL = "-Onone";
			};
			name = Debug;
		};
		F60EAFA41CADEC2900E9168A /* Release */ = {
			isa = XCBuildConfiguration;
			buildSettings = {
				ALWAYS_SEARCH_USER_PATHS = NO;
				CLANG_ANALYZER_NONNULL = YES;
				CLANG_CXX_LANGUAGE_STANDARD = "gnu++0x";
				CLANG_CXX_LIBRARY = "libc++";
				CLANG_ENABLE_MODULES = YES;
				CLANG_ENABLE_OBJC_ARC = YES;
				CLANG_WARN_BOOL_CONVERSION = YES;
				CLANG_WARN_CONSTANT_CONVERSION = YES;
				CLANG_WARN_DIRECT_OBJC_ISA_USAGE = YES_ERROR;
				CLANG_WARN_EMPTY_BODY = YES;
				CLANG_WARN_ENUM_CONVERSION = YES;
				CLANG_WARN_INFINITE_RECURSION = YES;
				CLANG_WARN_INT_CONVERSION = YES;
				CLANG_WARN_OBJC_ROOT_CLASS = YES_ERROR;
				CLANG_WARN_SUSPICIOUS_MOVE = YES;
				CLANG_WARN_UNREACHABLE_CODE = YES;
				CLANG_WARN__DUPLICATE_METHOD_MATCH = YES;
				"CODE_SIGN_IDENTITY[sdk=iphoneos*]" = "iPhone Developer";
				COPY_PHASE_STRIP = NO;
				DEBUG_INFORMATION_FORMAT = "dwarf-with-dsym";
				ENABLE_NS_ASSERTIONS = NO;
				ENABLE_STRICT_OBJC_MSGSEND = YES;
				GCC_C_LANGUAGE_STANDARD = gnu99;
				GCC_NO_COMMON_BLOCKS = YES;
				GCC_WARN_64_TO_32_BIT_CONVERSION = YES;
				GCC_WARN_ABOUT_RETURN_TYPE = YES_ERROR;
				GCC_WARN_UNDECLARED_SELECTOR = YES;
				GCC_WARN_UNINITIALIZED_AUTOS = YES_AGGRESSIVE;
				GCC_WARN_UNUSED_FUNCTION = YES;
				GCC_WARN_UNUSED_VARIABLE = YES;
				IPHONEOS_DEPLOYMENT_TARGET = 9.3;
				MTL_ENABLE_DEBUG_INFO = NO;
				SDKROOT = iphoneos;
				SWIFT_OPTIMIZATION_LEVEL = "-Owholemodule";
				VALIDATE_PRODUCT = YES;
			};
			name = Release;
		};
		F60EAFA61CADEC2900E9168A /* Debug */ = {
			isa = XCBuildConfiguration;
			buildSettings = {
				ASSETCATALOG_COMPILER_APPICON_NAME = AppIcon;
				INFOPLIST_FILE = CollViewSimpleSwift/Info.plist;
				IPHONEOS_DEPLOYMENT_TARGET = 8.2;
				LD_RUNPATH_SEARCH_PATHS = "$(inherited) @executable_path/Frameworks";
				PRODUCT_BUNDLE_IDENTIFIER = chuckmoji.CollViewSimpleSwift;
				PRODUCT_NAME = "$(TARGET_NAME)";
				SWIFT_VERSION = 3.0;
			};
			name = Debug;
		};
		F60EAFA71CADEC2900E9168A /* Release */ = {
			isa = XCBuildConfiguration;
			buildSettings = {
				ASSETCATALOG_COMPILER_APPICON_NAME = AppIcon;
				INFOPLIST_FILE = CollViewSimpleSwift/Info.plist;
				IPHONEOS_DEPLOYMENT_TARGET = 8.2;
				LD_RUNPATH_SEARCH_PATHS = "$(inherited) @executable_path/Frameworks";
				PRODUCT_BUNDLE_IDENTIFIER = chuckmoji.CollViewSimpleSwift;
				PRODUCT_NAME = "$(TARGET_NAME)";
				SWIFT_VERSION = 3.0;
			};
			name = Release;
		};
/* End XCBuildConfiguration section */

/* Begin XCConfigurationList section */
		F60EAF8E1CADEC2900E9168A /* Build configuration list for PBXProject "CollViewSimpleSwift" */ = {
			isa = XCConfigurationList;
			buildConfigurations = (
				F60EAFA31CADEC2900E9168A /* Debug */,
				F60EAFA41CADEC2900E9168A /* Release */,
			);
			defaultConfigurationIsVisible = 0;
			defaultConfigurationName = Release;
		};
		F60EAFA51CADEC2900E9168A /* Build configuration list for PBXNativeTarget "CollViewSimpleSwift" */ = {
			isa = XCConfigurationList;
			buildConfigurations = (
				F60EAFA61CADEC2900E9168A /* Debug */,
				F60EAFA71CADEC2900E9168A /* Release */,
			);
			defaultConfigurationIsVisible = 0;
			defaultConfigurationName = Release;
		};
/* End XCConfigurationList section */
	};
	rootObject = F60EAF8B1CADEC2900E9168A /* Project object */;
}
